{
  "pins" : [
    {
      "identity" : "codescanner",
      "kind" : "remoteSourceControl",
      "location" : "https://github.com/twostraws/CodeScanner",
      "state" : {
        "revision" : "8a9ce909a4ea502d4a2ccf327ae8c16b7e48e740",
        "version" : "1.1.0"
      }
    },
    {
      "identity" : "qrcode",
      "kind" : "remoteSourceControl",
      "location" : "https://github.com/dmrschmidt/QRCode",
      "state" : {
        "revision" : "a23c2d2b77483c5ce20ffaf4e68fef2d1a0bbca9",
        "version" : "1.1.0"
      }
    },
    {
      "identity" : "swifter",
      "kind" : "remoteSourceControl",
      "location" : "https://github.com/httpswift/swifter.git",
      "state" : {
        "revision" : "9483a5d459b45c3ffd059f7b55f9638e268632fd",
        "version" : "1.5.0"
      }
    },
    {
      "identity" : "swiftuicharts",
      "kind" : "remoteSourceControl",
      "location" : "https://github.com/willdale/SwiftUICharts",
      "state" : {
        "revision" : "133c493e6f67f4c563ab836aa809bfb66f25111e",
        "version" : "2.9.6"
      }
    }
  ],
  "version" : 2
}
