// !$*UTF8*$!
{
	archiveVersion = 1;
	classes = {
	};
	objectVersion = 55;
	objects = {

/* Begin PBXBuildFile section */
		371848A193F54354551BEECB /* Pods_Teome__iOS_.framework in Frameworks */ = {isa = PBXBuildFile; fileRef = 09ED194B470B5CAC707D9BA6 /* Pods_Teome__iOS_.framework */; };
		4834ABF7274A89380035DC6E /* NetworkExtension.framework in Frameworks */ = {isa = PBXBuildFile; fileRef = 4834ABF6274A89380035DC6E /* NetworkExtension.framework */; };
		4834ABF9274A89DE0035DC6E /* HotspotConfiguration.swift in Sources */ = {isa = PBXBuildFile; fileRef = 4834ABF8274A89DE0035DC6E /* HotspotConfiguration.swift */; };
		4834ABFA274A89DE0035DC6E /* HotspotConfiguration.swift in Sources */ = {isa = PBXBuildFile; fileRef = 4834ABF8274A89DE0035DC6E /* HotspotConfiguration.swift */; };
		4834ABFD274A8F4D0035DC6E /* Swifter in Frameworks */ = {isa = PBXBuildFile; productRef = 4834ABFC274A8F4D0035DC6E /* Swifter */; };
		4834ABFF274A8F610035DC6E /* SwifterMobileConfigDistributionServer.swift in Sources */ = {isa = PBXBuildFile; fileRef = 4834ABFE274A8F610035DC6E /* SwifterMobileConfigDistributionServer.swift */; };
		4834AC00274A8F610035DC6E /* SwifterMobileConfigDistributionServer.swift in Sources */ = {isa = PBXBuildFile; fileRef = 4834ABFE274A8F610035DC6E /* SwifterMobileConfigDistributionServer.swift */; };
		4834AC02274AD7C90035DC6E /* LocationViewModel.swift in Sources */ = {isa = PBXBuildFile; fileRef = 4834AC01274AD7C90035DC6E /* LocationViewModel.swift */; };
		4834AC03274AD7C90035DC6E /* LocationViewModel.swift in Sources */ = {isa = PBXBuildFile; fileRef = 4834AC01274AD7C90035DC6E /* LocationViewModel.swift */; };
		4842F5B7274AEB29002EB954 /* DeviceCom.swift in Sources */ = {isa = PBXBuildFile; fileRef = 4842F5B6274AEB29002EB954 /* DeviceCom.swift */; };
		4842F5B8274AEB29002EB954 /* DeviceCom.swift in Sources */ = {isa = PBXBuildFile; fileRef = 4842F5B6274AEB29002EB954 /* DeviceCom.swift */; };
		4842F5BA274BADF6002EB954 /* PairDevice.swift in Sources */ = {isa = PBXBuildFile; fileRef = 4842F5B9274BADF6002EB954 /* PairDevice.swift */; };
		4842F5BB274BADF6002EB954 /* PairDevice.swift in Sources */ = {isa = PBXBuildFile; fileRef = 4842F5B9274BADF6002EB954 /* PairDevice.swift */; };
		4842F5BD274BB789002EB954 /* BackgroundGradient.swift in Sources */ = {isa = PBXBuildFile; fileRef = 4842F5BC274BB789002EB954 /* BackgroundGradient.swift */; };
		4842F5BE274BB789002EB954 /* BackgroundGradient.swift in Sources */ = {isa = PBXBuildFile; fileRef = 4842F5BC274BB789002EB954 /* BackgroundGradient.swift */; };
		4842F5C3274BBE1C002EB954 /* SSIDViewModel.swift in Sources */ = {isa = PBXBuildFile; fileRef = 4842F5C2274BBE1C002EB954 /* SSIDViewModel.swift */; };
		4842F5C4274BBE1C002EB954 /* SSIDViewModel.swift in Sources */ = {isa = PBXBuildFile; fileRef = 4842F5C2274BBE1C002EB954 /* SSIDViewModel.swift */; };
		4842F5C6274ED32B002EB954 /* SSIDList.swift in Sources */ = {isa = PBXBuildFile; fileRef = 4842F5C5274ED32A002EB954 /* SSIDList.swift */; };
		4842F5C7274ED32B002EB954 /* SSIDList.swift in Sources */ = {isa = PBXBuildFile; fileRef = 4842F5C5274ED32A002EB954 /* SSIDList.swift */; };
		48559E8D2751CDB7007A57F4 /* Main.swift in Sources */ = {isa = PBXBuildFile; fileRef = 48559E8C2751CDB7007A57F4 /* Main.swift */; };
		48559E8E2751CDB7007A57F4 /* Main.swift in Sources */ = {isa = PBXBuildFile; fileRef = 48559E8C2751CDB7007A57F4 /* Main.swift */; };
		4874CB23276FF7BE001CD441 /* QRCode in Frameworks */ = {isa = PBXBuildFile; productRef = 4874CB22276FF7BE001CD441 /* QRCode */; };
		4874CB26277006EF001CD441 /* SwiftUICharts in Frameworks */ = {isa = PBXBuildFile; productRef = 4874CB25277006EF001CD441 /* SwiftUICharts */; };
		487E9B1C2749E7ED00049C76 /* CodeScanner in Frameworks */ = {isa = PBXBuildFile; productRef = 487E9B1B2749E7ED00049C76 /* CodeScanner */; };
		488789AE274976BD00241835 /* WidgetDetails.swift in Sources */ = {isa = PBXBuildFile; fileRef = 488789AD274976BD00241835 /* WidgetDetails.swift */; };
		488789AF274976BD00241835 /* WidgetDetails.swift in Sources */ = {isa = PBXBuildFile; fileRef = 488789AD274976BD00241835 /* WidgetDetails.swift */; };
		488789B427499F8800241835 /* QRCode in Frameworks */ = {isa = PBXBuildFile; productRef = 488789B327499F8800241835 /* QRCode */; };
		488789B62749A20B00241835 /* TeomeQRCode.swift in Sources */ = {isa = PBXBuildFile; fileRef = 488789B52749A20B00241835 /* TeomeQRCode.swift */; };
		488789B72749A20B00241835 /* TeomeQRCode.swift in Sources */ = {isa = PBXBuildFile; fileRef = 488789B52749A20B00241835 /* TeomeQRCode.swift */; };
		4889554A2772ABB2008432A8 /* NotificationManager.swift in Sources */ = {isa = PBXBuildFile; fileRef = 488955492772ABB2008432A8 /* NotificationManager.swift */; };
		4889554B2772ABB2008432A8 /* NotificationManager.swift in Sources */ = {isa = PBXBuildFile; fileRef = 488955492772ABB2008432A8 /* NotificationManager.swift */; };
		48895550277CD0AB008432A8 /* SampleRelativeDateFormatter.swift in Sources */ = {isa = PBXBuildFile; fileRef = 4889554F277CD0AA008432A8 /* SampleRelativeDateFormatter.swift */; };
		48895551277CD0AB008432A8 /* SampleRelativeDateFormatter.swift in Sources */ = {isa = PBXBuildFile; fileRef = 4889554F277CD0AA008432A8 /* SampleRelativeDateFormatter.swift */; };
		48B357852785D64B005E543A /* Plant.swift in Sources */ = {isa = PBXBuildFile; fileRef = 48B357842785D64B005E543A /* Plant.swift */; };
		48B357862785D64B005E543A /* Plant.swift in Sources */ = {isa = PBXBuildFile; fileRef = 48B357842785D64B005E543A /* Plant.swift */; };
		48B357882785DC8A005E543A /* PlantList.swift in Sources */ = {isa = PBXBuildFile; fileRef = 48B357872785DC8A005E543A /* PlantList.swift */; };
		48B357892785DC8A005E543A /* PlantList.swift in Sources */ = {isa = PBXBuildFile; fileRef = 48B357872785DC8A005E543A /* PlantList.swift */; };
		48B539BE274509DE009A26B0 /* TeomeApp.swift in Sources */ = {isa = PBXBuildFile; fileRef = 48B539AE274509D5009A26B0 /* TeomeApp.swift */; };
		48B539BF274509DE009A26B0 /* TeomeApp.swift in Sources */ = {isa = PBXBuildFile; fileRef = 48B539AE274509D5009A26B0 /* TeomeApp.swift */; };
		48B539C0274509DE009A26B0 /* SensorList.swift in Sources */ = {isa = PBXBuildFile; fileRef = 48B539AF274509D5009A26B0 /* SensorList.swift */; };
		48B539C1274509DE009A26B0 /* SensorList.swift in Sources */ = {isa = PBXBuildFile; fileRef = 48B539AF274509D5009A26B0 /* SensorList.swift */; };
		48B539CD2746C552009A26B0 /* Assets.xcassets in Resources */ = {isa = PBXBuildFile; fileRef = 48B539CC2746C552009A26B0 /* Assets.xcassets */; };
		48B539CE2746C552009A26B0 /* Assets.xcassets in Resources */ = {isa = PBXBuildFile; fileRef = 48B539CC2746C552009A26B0 /* Assets.xcassets */; };
		48B539D02746E2EF009A26B0 /* ValueStore.swift in Sources */ = {isa = PBXBuildFile; fileRef = 48B539CF2746E2EE009A26B0 /* ValueStore.swift */; };
		48B539D12746E2EF009A26B0 /* ValueStore.swift in Sources */ = {isa = PBXBuildFile; fileRef = 48B539CF2746E2EE009A26B0 /* ValueStore.swift */; };
		48B539D62746E790009A26B0 /* Widget.swift in Sources */ = {isa = PBXBuildFile; fileRef = 48B539D52746E790009A26B0 /* Widget.swift */; };
		48B539D72746E790009A26B0 /* Widget.swift in Sources */ = {isa = PBXBuildFile; fileRef = 48B539D52746E790009A26B0 /* Widget.swift */; };
		48B539D92746E861009A26B0 /* SensorViewModel.swift in Sources */ = {isa = PBXBuildFile; fileRef = 48B539D82746E861009A26B0 /* SensorViewModel.swift */; };
		48B539DA2746E861009A26B0 /* SensorViewModel.swift in Sources */ = {isa = PBXBuildFile; fileRef = 48B539D82746E861009A26B0 /* SensorViewModel.swift */; };
		48B539DC2746E899009A26B0 /* Sensor.swift in Sources */ = {isa = PBXBuildFile; fileRef = 48B539DB2746E899009A26B0 /* Sensor.swift */; };
		48B539DD2746E899009A26B0 /* Sensor.swift in Sources */ = {isa = PBXBuildFile; fileRef = 48B539DB2746E899009A26B0 /* Sensor.swift */; };
		48B539E02746E973009A26B0 /* extensions.swift in Sources */ = {isa = PBXBuildFile; fileRef = 48B539DF2746E973009A26B0 /* extensions.swift */; };
		48B539E12746E973009A26B0 /* extensions.swift in Sources */ = {isa = PBXBuildFile; fileRef = 48B539DF2746E973009A26B0 /* extensions.swift */; };
		48B539E32746F795009A26B0 /* GoogleService-Info.plist in Resources */ = {isa = PBXBuildFile; fileRef = 48B539E22746F794009A26B0 /* GoogleService-Info.plist */; };
		48B539E42746F795009A26B0 /* GoogleService-Info.plist in Resources */ = {isa = PBXBuildFile; fileRef = 48B539E22746F794009A26B0 /* GoogleService-Info.plist */; };
		48C52FAB2770B16C00C3F088 /* SampleViewModel.swift in Sources */ = {isa = PBXBuildFile; fileRef = 48C52FAA2770B16C00C3F088 /* SampleViewModel.swift */; };
		48C52FAC2770B16C00C3F088 /* SampleViewModel.swift in Sources */ = {isa = PBXBuildFile; fileRef = 48C52FAA2770B16C00C3F088 /* SampleViewModel.swift */; };
		48C52FAE2770E23300C3F088 /* Sample.swift in Sources */ = {isa = PBXBuildFile; fileRef = 48C52FAD2770E23300C3F088 /* Sample.swift */; };
		48C52FAF2770E23300C3F088 /* Sample.swift in Sources */ = {isa = PBXBuildFile; fileRef = 48C52FAD2770E23300C3F088 /* Sample.swift */; };
		865FE617120E2374131BED1B /* Pods_Teome__macOS_.framework in Frameworks */ = {isa = PBXBuildFile; fileRef = DCFD5E978F7DDECC3EA3D8D6 /* Pods_Teome__macOS_.framework */; };
		A2E93A4527FB714700F8D6F5 /* AppDelegate.swift in Sources */ = {isa = PBXBuildFile; fileRef = A2E93A4427FB714700F8D6F5 /* AppDelegate.swift */; };
		A2E93A4627FB714700F8D6F5 /* AppDelegate.swift in Sources */ = {isa = PBXBuildFile; fileRef = A2E93A4427FB714700F8D6F5 /* AppDelegate.swift */; };
/* End PBXBuildFile section */

/* Begin PBXCopyFilesBuildPhase section */
		A24C4A4227F9B6E600368AF0 /* Embed App Extensions */ = {
			isa = PBXCopyFilesBuildPhase;
			buildActionMask = 2147483647;
			dstPath = "";
			dstSubfolderSpec = 13;
			files = (
			);
			name = "Embed App Extensions";
			runOnlyForDeploymentPostprocessing = 0;
		};
/* End PBXCopyFilesBuildPhase section */

/* Begin PBXFileReference section */
		09ED194B470B5CAC707D9BA6 /* Pods_Teome__iOS_.framework */ = {isa = PBXFileReference; explicitFileType = wrapper.framework; includeInIndex = 0; path = Pods_Teome__iOS_.framework; sourceTree = BUILT_PRODUCTS_DIR; };
		23C681E5E10A2C5996DCDA1F /* Pods-Teome (macOS).release.xcconfig */ = {isa = PBXFileReference; includeInIndex = 1; lastKnownFileType = text.xcconfig; name = "Pods-Teome (macOS).release.xcconfig"; path = "Target Support Files/Pods-Teome (macOS)/Pods-Teome (macOS).release.xcconfig"; sourceTree = "<group>"; };
		2A671F2D3DD84C843599BFE5 /* Pods-Teome (iOS).debug.xcconfig */ = {isa = PBXFileReference; includeInIndex = 1; lastKnownFileType = text.xcconfig; name = "Pods-Teome (iOS).debug.xcconfig"; path = "Target Support Files/Pods-Teome (iOS)/Pods-Teome (iOS).debug.xcconfig"; sourceTree = "<group>"; };
		4834ABF5274A89380035DC6E /* Teome (iOS).entitlements */ = {isa = PBXFileReference; lastKnownFileType = text.plist.entitlements; path = "Teome (iOS).entitlements"; sourceTree = "<group>"; };
		4834ABF6274A89380035DC6E /* NetworkExtension.framework */ = {isa = PBXFileReference; lastKnownFileType = wrapper.framework; name = NetworkExtension.framework; path = Platforms/iPhoneOS.platform/Developer/SDKs/iPhoneOS15.0.sdk/System/Library/Frameworks/NetworkExtension.framework; sourceTree = DEVELOPER_DIR; };
		4834ABF8274A89DE0035DC6E /* HotspotConfiguration.swift */ = {isa = PBXFileReference; lastKnownFileType = sourcecode.swift; path = HotspotConfiguration.swift; sourceTree = "<group>"; };
		4834ABFE274A8F610035DC6E /* SwifterMobileConfigDistributionServer.swift */ = {isa = PBXFileReference; lastKnownFileType = sourcecode.swift; path = SwifterMobileConfigDistributionServer.swift; sourceTree = "<group>"; };
		4834AC01274AD7C90035DC6E /* LocationViewModel.swift */ = {isa = PBXFileReference; lastKnownFileType = sourcecode.swift; path = LocationViewModel.swift; sourceTree = "<group>"; };
		4842F5B6274AEB29002EB954 /* DeviceCom.swift */ = {isa = PBXFileReference; lastKnownFileType = sourcecode.swift; path = DeviceCom.swift; sourceTree = "<group>"; };
		4842F5B9274BADF6002EB954 /* PairDevice.swift */ = {isa = PBXFileReference; lastKnownFileType = sourcecode.swift; path = PairDevice.swift; sourceTree = "<group>"; };
		4842F5BC274BB789002EB954 /* BackgroundGradient.swift */ = {isa = PBXFileReference; lastKnownFileType = sourcecode.swift; path = BackgroundGradient.swift; sourceTree = "<group>"; };
		4842F5C2274BBE1C002EB954 /* SSIDViewModel.swift */ = {isa = PBXFileReference; lastKnownFileType = sourcecode.swift; path = SSIDViewModel.swift; sourceTree = "<group>"; };
		4842F5C5274ED32A002EB954 /* SSIDList.swift */ = {isa = PBXFileReference; lastKnownFileType = sourcecode.swift; path = SSIDList.swift; sourceTree = "<group>"; };
		48559E8C2751CDB7007A57F4 /* Main.swift */ = {isa = PBXFileReference; lastKnownFileType = sourcecode.swift; path = Main.swift; sourceTree = "<group>"; };
		488789AD274976BD00241835 /* WidgetDetails.swift */ = {isa = PBXFileReference; lastKnownFileType = sourcecode.swift; path = WidgetDetails.swift; sourceTree = "<group>"; };
		488789B52749A20B00241835 /* TeomeQRCode.swift */ = {isa = PBXFileReference; lastKnownFileType = sourcecode.swift; path = TeomeQRCode.swift; sourceTree = "<group>"; };
		488955492772ABB2008432A8 /* NotificationManager.swift */ = {isa = PBXFileReference; lastKnownFileType = sourcecode.swift; path = NotificationManager.swift; sourceTree = "<group>"; };
		4889554F277CD0AA008432A8 /* SampleRelativeDateFormatter.swift */ = {isa = PBXFileReference; lastKnownFileType = sourcecode.swift; path = SampleRelativeDateFormatter.swift; sourceTree = "<group>"; };
		48B357842785D64B005E543A /* Plant.swift */ = {isa = PBXFileReference; lastKnownFileType = sourcecode.swift; name = Plant.swift; path = ../../../teomeApp/Shared/Model/Plant.swift; sourceTree = "<group>"; };
		48B357872785DC8A005E543A /* PlantList.swift */ = {isa = PBXFileReference; lastKnownFileType = sourcecode.swift; name = PlantList.swift; path = ../../../teomeApp/Shared/View/PlantList.swift; sourceTree = "<group>"; };
		48B539AE274509D5009A26B0 /* TeomeApp.swift */ = {isa = PBXFileReference; lastKnownFileType = sourcecode.swift; path = TeomeApp.swift; sourceTree = "<group>"; };
		48B539AF274509D5009A26B0 /* SensorList.swift */ = {isa = PBXFileReference; lastKnownFileType = sourcecode.swift; path = SensorList.swift; sourceTree = "<group>"; };
		48B539B5274509DE009A26B0 /* Teome.app */ = {isa = PBXFileReference; explicitFileType = wrapper.application; includeInIndex = 0; path = Teome.app; sourceTree = BUILT_PRODUCTS_DIR; };
		48B539BB274509DE009A26B0 /* Teome.app */ = {isa = PBXFileReference; explicitFileType = wrapper.application; includeInIndex = 0; path = Teome.app; sourceTree = BUILT_PRODUCTS_DIR; };
		48B539BD274509DE009A26B0 /* macOS.entitlements */ = {isa = PBXFileReference; lastKnownFileType = text.plist.entitlements; path = macOS.entitlements; sourceTree = "<group>"; };
		48B539CC2746C552009A26B0 /* Assets.xcassets */ = {isa = PBXFileReference; lastKnownFileType = folder.assetcatalog; path = Assets.xcassets; sourceTree = "<group>"; };
		48B539CF2746E2EE009A26B0 /* ValueStore.swift */ = {isa = PBXFileReference; lastKnownFileType = sourcecode.swift; path = ValueStore.swift; sourceTree = "<group>"; };
		48B539D52746E790009A26B0 /* Widget.swift */ = {isa = PBXFileReference; lastKnownFileType = sourcecode.swift; path = Widget.swift; sourceTree = "<group>"; };
		48B539D82746E861009A26B0 /* SensorViewModel.swift */ = {isa = PBXFileReference; lastKnownFileType = sourcecode.swift; path = SensorViewModel.swift; sourceTree = "<group>"; };
		48B539DB2746E899009A26B0 /* Sensor.swift */ = {isa = PBXFileReference; lastKnownFileType = sourcecode.swift; path = Sensor.swift; sourceTree = "<group>"; };
		48B539DF2746E973009A26B0 /* extensions.swift */ = {isa = PBXFileReference; lastKnownFileType = sourcecode.swift; path = extensions.swift; sourceTree = "<group>"; };
		48B539E22746F794009A26B0 /* GoogleService-Info.plist */ = {isa = PBXFileReference; fileEncoding = 4; lastKnownFileType = text.plist.xml; path = "GoogleService-Info.plist"; sourceTree = "<group>"; };
		48C52FAA2770B16C00C3F088 /* SampleViewModel.swift */ = {isa = PBXFileReference; lastKnownFileType = sourcecode.swift; path = SampleViewModel.swift; sourceTree = "<group>"; };
		48C52FAD2770E23300C3F088 /* Sample.swift */ = {isa = PBXFileReference; lastKnownFileType = sourcecode.swift; path = Sample.swift; sourceTree = "<group>"; };
		A2E93A4427FB714700F8D6F5 /* AppDelegate.swift */ = {isa = PBXFileReference; lastKnownFileType = sourcecode.swift; path = AppDelegate.swift; sourceTree = "<group>"; };
		B5BFFB389619325E428A67A1 /* Pods-Teome (macOS).debug.xcconfig */ = {isa = PBXFileReference; includeInIndex = 1; lastKnownFileType = text.xcconfig; name = "Pods-Teome (macOS).debug.xcconfig"; path = "Target Support Files/Pods-Teome (macOS)/Pods-Teome (macOS).debug.xcconfig"; sourceTree = "<group>"; };
		DCFD5E978F7DDECC3EA3D8D6 /* Pods_Teome__macOS_.framework */ = {isa = PBXFileReference; explicitFileType = wrapper.framework; includeInIndex = 0; path = Pods_Teome__macOS_.framework; sourceTree = BUILT_PRODUCTS_DIR; };
		F2B658EAD2E8018CEC98B268 /* Pods-Teome (iOS).release.xcconfig */ = {isa = PBXFileReference; includeInIndex = 1; lastKnownFileType = text.xcconfig; name = "Pods-Teome (iOS).release.xcconfig"; path = "Target Support Files/Pods-Teome (iOS)/Pods-Teome (iOS).release.xcconfig"; sourceTree = "<group>"; };
/* End PBXFileReference section */

/* Begin PBXFrameworksBuildPhase section */
		48B539B2274509DE009A26B0 /* Frameworks */ = {
			isa = PBXFrameworksBuildPhase;
			buildActionMask = 2147483647;
			files = (
				4874CB23276FF7BE001CD441 /* QRCode in Frameworks */,
				4834ABF7274A89380035DC6E /* NetworkExtension.framework in Frameworks */,
				371848A193F54354551BEECB /* Pods_Teome__iOS_.framework in Frameworks */,
				4874CB26277006EF001CD441 /* SwiftUICharts in Frameworks */,
				487E9B1C2749E7ED00049C76 /* CodeScanner in Frameworks */,
				4834ABFD274A8F4D0035DC6E /* Swifter in Frameworks */,
			);
			runOnlyForDeploymentPostprocessing = 0;
		};
		48B539B8274509DE009A26B0 /* Frameworks */ = {
			isa = PBXFrameworksBuildPhase;
			buildActionMask = 2147483647;
			files = (
				488789B427499F8800241835 /* QRCode in Frameworks */,
				865FE617120E2374131BED1B /* Pods_Teome__macOS_.framework in Frameworks */,
			);
			runOnlyForDeploymentPostprocessing = 0;
		};
/* End PBXFrameworksBuildPhase section */

/* Begin PBXGroup section */
		249E380DD862D038E45C227C /* Pods */ = {
			isa = PBXGroup;
			children = (
				2A671F2D3DD84C843599BFE5 /* Pods-Teome (iOS).debug.xcconfig */,
				F2B658EAD2E8018CEC98B268 /* Pods-Teome (iOS).release.xcconfig */,
				B5BFFB389619325E428A67A1 /* Pods-Teome (macOS).debug.xcconfig */,
				23C681E5E10A2C5996DCDA1F /* Pods-Teome (macOS).release.xcconfig */,
			);
			path = Pods;
			sourceTree = "<group>";
		};
		48B539A8274509D2009A26B0 = {
			isa = PBXGroup;
			children = (
				4834ABF5274A89380035DC6E /* Teome (iOS).entitlements */,
				48B539E82746FB15009A26B0 /* Teome */,
				48B539AD274509D5009A26B0 /* Shared */,
				48B539CC2746C552009A26B0 /* Assets.xcassets */,
				48B539BC274509DE009A26B0 /* macOS */,
				48B539B6274509DE009A26B0 /* Products */,
				249E380DD862D038E45C227C /* Pods */,
				C110AEDA49AE08E44AF16260 /* Frameworks */,
			);
			sourceTree = "<group>";
		};
		48B539AD274509D5009A26B0 /* Shared */ = {
			isa = PBXGroup;
			children = (
				A2E93A4427FB714700F8D6F5 /* AppDelegate.swift */,
				48B539D22746E763009A26B0 /* ViewModel */,
				48B539D32746E76D009A26B0 /* Model */,
				48B539D42746E772009A26B0 /* View */,
				48B539DE2746E8E1009A26B0 /* Utils */,
			);
			path = Shared;
			sourceTree = "<group>";
		};
		48B539B6274509DE009A26B0 /* Products */ = {
			isa = PBXGroup;
			children = (
				48B539B5274509DE009A26B0 /* Teome.app */,
				48B539BB274509DE009A26B0 /* Teome.app */,
			);
			name = Products;
			sourceTree = "<group>";
		};
		48B539BC274509DE009A26B0 /* macOS */ = {
			isa = PBXGroup;
			children = (
				48B539BD274509DE009A26B0 /* macOS.entitlements */,
			);
			path = macOS;
			sourceTree = "<group>";
		};
		48B539D22746E763009A26B0 /* ViewModel */ = {
			isa = PBXGroup;
			children = (
				48B539D82746E861009A26B0 /* SensorViewModel.swift */,
				4842F5C2274BBE1C002EB954 /* SSIDViewModel.swift */,
				4834AC01274AD7C90035DC6E /* LocationViewModel.swift */,
				48C52FAA2770B16C00C3F088 /* SampleViewModel.swift */,
			);
			path = ViewModel;
			sourceTree = "<group>";
		};
		48B539D32746E76D009A26B0 /* Model */ = {
			isa = PBXGroup;
			children = (
				48B539DB2746E899009A26B0 /* Sensor.swift */,
				48C52FAD2770E23300C3F088 /* Sample.swift */,
				48B357842785D64B005E543A /* Plant.swift */,
			);
			path = Model;
			sourceTree = "<group>";
		};
		48B539D42746E772009A26B0 /* View */ = {
			isa = PBXGroup;
			children = (
				48559E8C2751CDB7007A57F4 /* Main.swift */,
				48B539AE274509D5009A26B0 /* TeomeApp.swift */,
				4842F5B9274BADF6002EB954 /* PairDevice.swift */,
				4842F5C5274ED32A002EB954 /* SSIDList.swift */,
				48B539AF274509D5009A26B0 /* SensorList.swift */,
				48B539D52746E790009A26B0 /* Widget.swift */,
				488789AD274976BD00241835 /* WidgetDetails.swift */,
				488789B52749A20B00241835 /* TeomeQRCode.swift */,
				4842F5BC274BB789002EB954 /* BackgroundGradient.swift */,
				48B357872785DC8A005E543A /* PlantList.swift */,
			);
			path = View;
			sourceTree = "<group>";
		};
		48B539DE2746E8E1009A26B0 /* Utils */ = {
			isa = PBXGroup;
			children = (
				48B539CF2746E2EE009A26B0 /* ValueStore.swift */,
				48B539DF2746E973009A26B0 /* extensions.swift */,
				4834ABF8274A89DE0035DC6E /* HotspotConfiguration.swift */,
				4834ABFE274A8F610035DC6E /* SwifterMobileConfigDistributionServer.swift */,
				4842F5B6274AEB29002EB954 /* DeviceCom.swift */,
				488955492772ABB2008432A8 /* NotificationManager.swift */,
				4889554F277CD0AA008432A8 /* SampleRelativeDateFormatter.swift */,
			);
			path = Utils;
			sourceTree = "<group>";
		};
		48B539E82746FB15009A26B0 /* Teome */ = {
			isa = PBXGroup;
			children = (
				48B539E22746F794009A26B0 /* GoogleService-Info.plist */,
			);
			path = Teome;
			sourceTree = "<group>";
		};
		C110AEDA49AE08E44AF16260 /* Frameworks */ = {
			isa = PBXGroup;
			children = (
				4834ABF6274A89380035DC6E /* NetworkExtension.framework */,
				09ED194B470B5CAC707D9BA6 /* Pods_Teome__iOS_.framework */,
				DCFD5E978F7DDECC3EA3D8D6 /* Pods_Teome__macOS_.framework */,
			);
			name = Frameworks;
			sourceTree = "<group>";
		};
/* End PBXGroup section */

/* Begin PBXNativeTarget section */
		48B539B4274509DE009A26B0 /* Teome (iOS) */ = {
			isa = PBXNativeTarget;
			buildConfigurationList = 48B539C6274509DE009A26B0 /* Build configuration list for PBXNativeTarget "Teome (iOS)" */;
			buildPhases = (
				042A4D1D05E82B89514C7D92 /* [CP] Check Pods Manifest.lock */,
				48B539B1274509DE009A26B0 /* Sources */,
				48B539B2274509DE009A26B0 /* Frameworks */,
				48B539B3274509DE009A26B0 /* Resources */,
				781F7BF2435C4DF39D2F96C6 /* [CP] Embed Pods Frameworks */,
				A24C4A4227F9B6E600368AF0 /* Embed App Extensions */,
			);
			buildRules = (
			);
			dependencies = (
			);
			name = "Teome (iOS)";
			packageProductDependencies = (
				487E9B1B2749E7ED00049C76 /* CodeScanner */,
				4834ABFC274A8F4D0035DC6E /* Swifter */,
				4874CB22276FF7BE001CD441 /* QRCode */,
				4874CB25277006EF001CD441 /* SwiftUICharts */,
			);
			productName = "Teome (iOS)";
			productReference = 48B539B5274509DE009A26B0 /* Teome.app */;
			productType = "com.apple.product-type.application";
		};
		48B539BA274509DE009A26B0 /* Teome (macOS) */ = {
			isa = PBXNativeTarget;
			buildConfigurationList = 48B539C9274509DE009A26B0 /* Build configuration list for PBXNativeTarget "Teome (macOS)" */;
			buildPhases = (
				8EFF8B48011203A32D2E1A57 /* [CP] Check Pods Manifest.lock */,
				48B539B7274509DE009A26B0 /* Sources */,
				48B539B8274509DE009A26B0 /* Frameworks */,
				48B539B9274509DE009A26B0 /* Resources */,
				96C79DDDA19A4538A9839572 /* [CP] Embed Pods Frameworks */,
			);
			buildRules = (
			);
			dependencies = (
			);
			name = "Teome (macOS)";
			packageProductDependencies = (
				488789B327499F8800241835 /* QRCode */,
			);
			productName = "Teome (macOS)";
			productReference = 48B539BB274509DE009A26B0 /* Teome.app */;
			productType = "com.apple.product-type.application";
		};
/* End PBXNativeTarget section */

/* Begin PBXProject section */
		48B539A9274509D2009A26B0 /* Project object */ = {
			isa = PBXProject;
			attributes = {
				BuildIndependentTargetsInParallel = 1;
				LastSwiftUpdateCheck = 1330;
				LastUpgradeCheck = 1320;
				TargetAttributes = {
					48B539B4274509DE009A26B0 = {
						CreatedOnToolsVersion = 13.1;
					};
					48B539BA274509DE009A26B0 = {
						CreatedOnToolsVersion = 13.1;
					};
				};
			};
			buildConfigurationList = 48B539AC274509D2009A26B0 /* Build configuration list for PBXProject "Teome" */;
			compatibilityVersion = "Xcode 13.0";
			developmentRegion = en;
			hasScannedForEncodings = 0;
			knownRegions = (
				en,
				Base,
			);
			mainGroup = 48B539A8274509D2009A26B0;
			packageReferences = (
				488789B027499F6C00241835 /* XCRemoteSwiftPackageReference "QRCode" */,
				487E9B1A2749E7ED00049C76 /* XCRemoteSwiftPackageReference "CodeScanner" */,
				4834ABFB274A8F4D0035DC6E /* XCRemoteSwiftPackageReference "swifter" */,
				4874CB24277006EF001CD441 /* XCRemoteSwiftPackageReference "SwiftUICharts" */,
			);
			productRefGroup = 48B539B6274509DE009A26B0 /* Products */;
			projectDirPath = "";
			projectRoot = "";
			targets = (
				48B539B4274509DE009A26B0 /* Teome (iOS) */,
				48B539BA274509DE009A26B0 /* Teome (macOS) */,
			);
		};
/* End PBXProject section */

/* Begin PBXResourcesBuildPhase section */
		48B539B3274509DE009A26B0 /* Resources */ = {
			isa = PBXResourcesBuildPhase;
			buildActionMask = 2147483647;
			files = (
				48B539CD2746C552009A26B0 /* Assets.xcassets in Resources */,
				48B539E32746F795009A26B0 /* GoogleService-Info.plist in Resources */,
			);
			runOnlyForDeploymentPostprocessing = 0;
		};
		48B539B9274509DE009A26B0 /* Resources */ = {
			isa = PBXResourcesBuildPhase;
			buildActionMask = 2147483647;
			files = (
				48B539CE2746C552009A26B0 /* Assets.xcassets in Resources */,
				48B539E42746F795009A26B0 /* GoogleService-Info.plist in Resources */,
			);
			runOnlyForDeploymentPostprocessing = 0;
		};
/* End PBXResourcesBuildPhase section */

/* Begin PBXShellScriptBuildPhase section */
		042A4D1D05E82B89514C7D92 /* [CP] Check Pods Manifest.lock */ = {
			isa = PBXShellScriptBuildPhase;
			buildActionMask = 2147483647;
			files = (
			);
			inputFileListPaths = (
			);
			inputPaths = (
				"${PODS_PODFILE_DIR_PATH}/Podfile.lock",
				"${PODS_ROOT}/Manifest.lock",
			);
			name = "[CP] Check Pods Manifest.lock";
			outputFileListPaths = (
			);
			outputPaths = (
				"$(DERIVED_FILE_DIR)/Pods-Teome (iOS)-checkManifestLockResult.txt",
			);
			runOnlyForDeploymentPostprocessing = 0;
			shellPath = /bin/sh;
			shellScript = "diff \"${PODS_PODFILE_DIR_PATH}/Podfile.lock\" \"${PODS_ROOT}/Manifest.lock\" > /dev/null\nif [ $? != 0 ] ; then\n    # print error to STDERR\n    echo \"error: The sandbox is not in sync with the Podfile.lock. Run 'pod install' or update your CocoaPods installation.\" >&2\n    exit 1\nfi\n# This output is used by Xcode 'outputs' to avoid re-running this script phase.\necho \"SUCCESS\" > \"${SCRIPT_OUTPUT_FILE_0}\"\n";
			showEnvVarsInLog = 0;
		};
		781F7BF2435C4DF39D2F96C6 /* [CP] Embed Pods Frameworks */ = {
			isa = PBXShellScriptBuildPhase;
			buildActionMask = 2147483647;
			files = (
			);
			inputFileListPaths = (
				"${PODS_ROOT}/Target Support Files/Pods-Teome (iOS)/Pods-Teome (iOS)-frameworks-${CONFIGURATION}-input-files.xcfilelist",
			);
			name = "[CP] Embed Pods Frameworks";
			outputFileListPaths = (
				"${PODS_ROOT}/Target Support Files/Pods-Teome (iOS)/Pods-Teome (iOS)-frameworks-${CONFIGURATION}-output-files.xcfilelist",
			);
			runOnlyForDeploymentPostprocessing = 0;
			shellPath = /bin/sh;
			shellScript = "\"${PODS_ROOT}/Target Support Files/Pods-Teome (iOS)/Pods-Teome (iOS)-frameworks.sh\"\n";
			showEnvVarsInLog = 0;
		};
		8EFF8B48011203A32D2E1A57 /* [CP] Check Pods Manifest.lock */ = {
			isa = PBXShellScriptBuildPhase;
			buildActionMask = 2147483647;
			files = (
			);
			inputFileListPaths = (
			);
			inputPaths = (
				"${PODS_PODFILE_DIR_PATH}/Podfile.lock",
				"${PODS_ROOT}/Manifest.lock",
			);
			name = "[CP] Check Pods Manifest.lock";
			outputFileListPaths = (
			);
			outputPaths = (
				"$(DERIVED_FILE_DIR)/Pods-Teome (macOS)-checkManifestLockResult.txt",
			);
			runOnlyForDeploymentPostprocessing = 0;
			shellPath = /bin/sh;
			shellScript = "diff \"${PODS_PODFILE_DIR_PATH}/Podfile.lock\" \"${PODS_ROOT}/Manifest.lock\" > /dev/null\nif [ $? != 0 ] ; then\n    # print error to STDERR\n    echo \"error: The sandbox is not in sync with the Podfile.lock. Run 'pod install' or update your CocoaPods installation.\" >&2\n    exit 1\nfi\n# This output is used by Xcode 'outputs' to avoid re-running this script phase.\necho \"SUCCESS\" > \"${SCRIPT_OUTPUT_FILE_0}\"\n";
			showEnvVarsInLog = 0;
		};
		96C79DDDA19A4538A9839572 /* [CP] Embed Pods Frameworks */ = {
			isa = PBXShellScriptBuildPhase;
			buildActionMask = 2147483647;
			files = (
			);
			inputFileListPaths = (
				"${PODS_ROOT}/Target Support Files/Pods-Teome (macOS)/Pods-Teome (macOS)-frameworks-${CONFIGURATION}-input-files.xcfilelist",
			);
			name = "[CP] Embed Pods Frameworks";
			outputFileListPaths = (
				"${PODS_ROOT}/Target Support Files/Pods-Teome (macOS)/Pods-Teome (macOS)-frameworks-${CONFIGURATION}-output-files.xcfilelist",
			);
			runOnlyForDeploymentPostprocessing = 0;
			shellPath = /bin/sh;
			shellScript = "\"${PODS_ROOT}/Target Support Files/Pods-Teome (macOS)/Pods-Teome (macOS)-frameworks.sh\"\n";
			showEnvVarsInLog = 0;
		};
/* End PBXShellScriptBuildPhase section */

/* Begin PBXSourcesBuildPhase section */
		48B539B1274509DE009A26B0 /* Sources */ = {
			isa = PBXSourcesBuildPhase;
			buildActionMask = 2147483647;
			files = (
				48559E8D2751CDB7007A57F4 /* Main.swift in Sources */,
				4842F5C3274BBE1C002EB954 /* SSIDViewModel.swift in Sources */,
				4834AC02274AD7C90035DC6E /* LocationViewModel.swift in Sources */,
				48B357852785D64B005E543A /* Plant.swift in Sources */,
				488789AE274976BD00241835 /* WidgetDetails.swift in Sources */,
				48B539D92746E861009A26B0 /* SensorViewModel.swift in Sources */,
				48C52FAE2770E23300C3F088 /* Sample.swift in Sources */,
				48C52FAB2770B16C00C3F088 /* SampleViewModel.swift in Sources */,
				4889554A2772ABB2008432A8 /* NotificationManager.swift in Sources */,
				48B539DC2746E899009A26B0 /* Sensor.swift in Sources */,
				48B539C0274509DE009A26B0 /* SensorList.swift in Sources */,
				4834ABF9274A89DE0035DC6E /* HotspotConfiguration.swift in Sources */,
				48B539E02746E973009A26B0 /* extensions.swift in Sources */,
				A2E93A4527FB714700F8D6F5 /* AppDelegate.swift in Sources */,
				48B357882785DC8A005E543A /* PlantList.swift in Sources */,
				488789B62749A20B00241835 /* TeomeQRCode.swift in Sources */,
				4842F5B7274AEB29002EB954 /* DeviceCom.swift in Sources */,
				48B539D02746E2EF009A26B0 /* ValueStore.swift in Sources */,
				48B539BE274509DE009A26B0 /* TeomeApp.swift in Sources */,
				48895550277CD0AB008432A8 /* SampleRelativeDateFormatter.swift in Sources */,
				48B539D62746E790009A26B0 /* Widget.swift in Sources */,
				4834ABFF274A8F610035DC6E /* SwifterMobileConfigDistributionServer.swift in Sources */,
				4842F5BA274BADF6002EB954 /* PairDevice.swift in Sources */,
				4842F5BD274BB789002EB954 /* BackgroundGradient.swift in Sources */,
				4842F5C6274ED32B002EB954 /* SSIDList.swift in Sources */,
			);
			runOnlyForDeploymentPostprocessing = 0;
		};
		48B539B7274509DE009A26B0 /* Sources */ = {
			isa = PBXSourcesBuildPhase;
			buildActionMask = 2147483647;
			files = (
				48559E8E2751CDB7007A57F4 /* Main.swift in Sources */,
				4842F5C4274BBE1C002EB954 /* SSIDViewModel.swift in Sources */,
				4834AC03274AD7C90035DC6E /* LocationViewModel.swift in Sources */,
				48B357862785D64B005E543A /* Plant.swift in Sources */,
				488789AF274976BD00241835 /* WidgetDetails.swift in Sources */,
				48B539DA2746E861009A26B0 /* SensorViewModel.swift in Sources */,
				48C52FAF2770E23300C3F088 /* Sample.swift in Sources */,
				48C52FAC2770B16C00C3F088 /* SampleViewModel.swift in Sources */,
				4889554B2772ABB2008432A8 /* NotificationManager.swift in Sources */,
				48B539DD2746E899009A26B0 /* Sensor.swift in Sources */,
				48B539C1274509DE009A26B0 /* SensorList.swift in Sources */,
				4834ABFA274A89DE0035DC6E /* HotspotConfiguration.swift in Sources */,
				48B539E12746E973009A26B0 /* extensions.swift in Sources */,
				A2E93A4627FB714700F8D6F5 /* AppDelegate.swift in Sources */,
				48B357892785DC8A005E543A /* PlantList.swift in Sources */,
				488789B72749A20B00241835 /* TeomeQRCode.swift in Sources */,
				4842F5B8274AEB29002EB954 /* DeviceCom.swift in Sources */,
				48B539D12746E2EF009A26B0 /* ValueStore.swift in Sources */,
				48B539BF274509DE009A26B0 /* TeomeApp.swift in Sources */,
				48895551277CD0AB008432A8 /* SampleRelativeDateFormatter.swift in Sources */,
				48B539D72746E790009A26B0 /* Widget.swift in Sources */,
				4834AC00274A8F610035DC6E /* SwifterMobileConfigDistributionServer.swift in Sources */,
				4842F5BB274BADF6002EB954 /* PairDevice.swift in Sources */,
				4842F5BE274BB789002EB954 /* BackgroundGradient.swift in Sources */,
				4842F5C7274ED32B002EB954 /* SSIDList.swift in Sources */,
			);
			runOnlyForDeploymentPostprocessing = 0;
		};
/* End PBXSourcesBuildPhase section */

/* Begin XCBuildConfiguration section */
		48B539C4274509DE009A26B0 /* Debug */ = {
			isa = XCBuildConfiguration;
			buildSettings = {
				ALWAYS_SEARCH_USER_PATHS = NO;
				CLANG_ANALYZER_NONNULL = YES;
				CLANG_ANALYZER_NUMBER_OBJECT_CONVERSION = YES_AGGRESSIVE;
				CLANG_CXX_LANGUAGE_STANDARD = "gnu++17";
				CLANG_CXX_LIBRARY = "libc++";
				CLANG_ENABLE_MODULES = YES;
				CLANG_ENABLE_OBJC_ARC = YES;
				CLANG_ENABLE_OBJC_WEAK = YES;
				CLANG_WARN_BLOCK_CAPTURE_AUTORELEASING = YES;
				CLANG_WARN_BOOL_CONVERSION = YES;
				CLANG_WARN_COMMA = YES;
				CLANG_WARN_CONSTANT_CONVERSION = YES;
				CLANG_WARN_DEPRECATED_OBJC_IMPLEMENTATIONS = YES;
				CLANG_WARN_DIRECT_OBJC_ISA_USAGE = YES_ERROR;
				CLANG_WARN_DOCUMENTATION_COMMENTS = YES;
				CLANG_WARN_EMPTY_BODY = YES;
				CLANG_WARN_ENUM_CONVERSION = YES;
				CLANG_WARN_INFINITE_RECURSION = YES;
				CLANG_WARN_INT_CONVERSION = YES;
				CLANG_WARN_NON_LITERAL_NULL_CONVERSION = YES;
				CLANG_WARN_OBJC_IMPLICIT_RETAIN_SELF = YES;
				CLANG_WARN_OBJC_LITERAL_CONVERSION = YES;
				CLANG_WARN_OBJC_ROOT_CLASS = YES_ERROR;
				CLANG_WARN_QUOTED_INCLUDE_IN_FRAMEWORK_HEADER = YES;
				CLANG_WARN_RANGE_LOOP_ANALYSIS = YES;
				CLANG_WARN_STRICT_PROTOTYPES = YES;
				CLANG_WARN_SUSPICIOUS_MOVE = YES;
				CLANG_WARN_UNGUARDED_AVAILABILITY = YES_AGGRESSIVE;
				CLANG_WARN_UNREACHABLE_CODE = YES;
				CLANG_WARN__DUPLICATE_METHOD_MATCH = YES;
				COPY_PHASE_STRIP = NO;
				DEBUG_INFORMATION_FORMAT = dwarf;
				ENABLE_STRICT_OBJC_MSGSEND = YES;
				ENABLE_TESTABILITY = YES;
				GCC_C_LANGUAGE_STANDARD = gnu11;
				GCC_DYNAMIC_NO_PIC = NO;
				GCC_NO_COMMON_BLOCKS = YES;
				GCC_OPTIMIZATION_LEVEL = 0;
				GCC_PREPROCESSOR_DEFINITIONS = (
					"DEBUG=1",
					"$(inherited)",
				);
				GCC_WARN_64_TO_32_BIT_CONVERSION = YES;
				GCC_WARN_ABOUT_RETURN_TYPE = YES_ERROR;
				GCC_WARN_UNDECLARED_SELECTOR = YES;
				GCC_WARN_UNINITIALIZED_AUTOS = YES_AGGRESSIVE;
				GCC_WARN_UNUSED_FUNCTION = YES;
				GCC_WARN_UNUSED_VARIABLE = YES;
				MTL_ENABLE_DEBUG_INFO = INCLUDE_SOURCE;
				MTL_FAST_MATH = YES;
				ONLY_ACTIVE_ARCH = YES;
				SWIFT_ACTIVE_COMPILATION_CONDITIONS = DEBUG;
				SWIFT_OPTIMIZATION_LEVEL = "-Onone";
			};
			name = Debug;
		};
		48B539C5274509DE009A26B0 /* Release */ = {
			isa = XCBuildConfiguration;
			buildSettings = {
				ALWAYS_SEARCH_USER_PATHS = NO;
				CLANG_ANALYZER_NONNULL = YES;
				CLANG_ANALYZER_NUMBER_OBJECT_CONVERSION = YES_AGGRESSIVE;
				CLANG_CXX_LANGUAGE_STANDARD = "gnu++17";
				CLANG_CXX_LIBRARY = "libc++";
				CLANG_ENABLE_MODULES = YES;
				CLANG_ENABLE_OBJC_ARC = YES;
				CLANG_ENABLE_OBJC_WEAK = YES;
				CLANG_WARN_BLOCK_CAPTURE_AUTORELEASING = YES;
				CLANG_WARN_BOOL_CONVERSION = YES;
				CLANG_WARN_COMMA = YES;
				CLANG_WARN_CONSTANT_CONVERSION = YES;
				CLANG_WARN_DEPRECATED_OBJC_IMPLEMENTATIONS = YES;
				CLANG_WARN_DIRECT_OBJC_ISA_USAGE = YES_ERROR;
				CLANG_WARN_DOCUMENTATION_COMMENTS = YES;
				CLANG_WARN_EMPTY_BODY = YES;
				CLANG_WARN_ENUM_CONVERSION = YES;
				CLANG_WARN_INFINITE_RECURSION = YES;
				CLANG_WARN_INT_CONVERSION = YES;
				CLANG_WARN_NON_LITERAL_NULL_CONVERSION = YES;
				CLANG_WARN_OBJC_IMPLICIT_RETAIN_SELF = YES;
				CLANG_WARN_OBJC_LITERAL_CONVERSION = YES;
				CLANG_WARN_OBJC_ROOT_CLASS = YES_ERROR;
				CLANG_WARN_QUOTED_INCLUDE_IN_FRAMEWORK_HEADER = YES;
				CLANG_WARN_RANGE_LOOP_ANALYSIS = YES;
				CLANG_WARN_STRICT_PROTOTYPES = YES;
				CLANG_WARN_SUSPICIOUS_MOVE = YES;
				CLANG_WARN_UNGUARDED_AVAILABILITY = YES_AGGRESSIVE;
				CLANG_WARN_UNREACHABLE_CODE = YES;
				CLANG_WARN__DUPLICATE_METHOD_MATCH = YES;
				COPY_PHASE_STRIP = NO;
				DEBUG_INFORMATION_FORMAT = "dwarf-with-dsym";
				ENABLE_NS_ASSERTIONS = NO;
				ENABLE_STRICT_OBJC_MSGSEND = YES;
				GCC_C_LANGUAGE_STANDARD = gnu11;
				GCC_NO_COMMON_BLOCKS = YES;
				GCC_WARN_64_TO_32_BIT_CONVERSION = YES;
				GCC_WARN_ABOUT_RETURN_TYPE = YES_ERROR;
				GCC_WARN_UNDECLARED_SELECTOR = YES;
				GCC_WARN_UNINITIALIZED_AUTOS = YES_AGGRESSIVE;
				GCC_WARN_UNUSED_FUNCTION = YES;
				GCC_WARN_UNUSED_VARIABLE = YES;
				MTL_ENABLE_DEBUG_INFO = NO;
				MTL_FAST_MATH = YES;
				SWIFT_COMPILATION_MODE = wholemodule;
				SWIFT_OPTIMIZATION_LEVEL = "-O";
			};
			name = Release;
		};
		48B539C7274509DE009A26B0 /* Debug */ = {
			isa = XCBuildConfiguration;
			baseConfigurationReference = 2A671F2D3DD84C843599BFE5 /* Pods-Teome (iOS).debug.xcconfig */;
			buildSettings = {
				ALWAYS_EMBED_SWIFT_STANDARD_LIBRARIES = YES;
				ASSETCATALOG_COMPILER_APPICON_NAME = AppIcon;
				ASSETCATALOG_COMPILER_GLOBAL_ACCENT_COLOR_NAME = AccentColor;
				CODE_SIGN_ENTITLEMENTS = "Teome (iOS).entitlements";
				CODE_SIGN_STYLE = Automatic;
				CURRENT_PROJECT_VERSION = 3;
				DEVELOPMENT_TEAM = T7562M4U35;
				ENABLE_PREVIEWS = YES;
				GENERATE_INFOPLIST_FILE = YES;
				INFOPLIST_FILE = "Teome--iOS--Info.plist";
				INFOPLIST_KEY_LSApplicationCategoryType = "public.app-category.weather";
				INFOPLIST_KEY_NSCameraUsageDescription = "Scan QR Code";
				INFOPLIST_KEY_NSLocationWhenInUseUsageDescription = "Fetch SSID list";
				INFOPLIST_KEY_UIApplicationSceneManifest_Generation = YES;
				INFOPLIST_KEY_UIApplicationSupportsIndirectInputEvents = YES;
				INFOPLIST_KEY_UILaunchScreen_Generation = YES;
				INFOPLIST_KEY_UISupportedInterfaceOrientations_iPad = "UIInterfaceOrientationPortrait UIInterfaceOrientationPortraitUpsideDown UIInterfaceOrientationLandscapeLeft UIInterfaceOrientationLandscapeRight";
				INFOPLIST_KEY_UISupportedInterfaceOrientations_iPhone = "UIInterfaceOrientationPortrait UIInterfaceOrientationLandscapeLeft UIInterfaceOrientationLandscapeRight";
				IPHONEOS_DEPLOYMENT_TARGET = 15.0;
				LD_RUNPATH_SEARCH_PATHS = (
					"$(inherited)",
					"@executable_path/Frameworks",
				);
				MARKETING_VERSION = 1.2;
				PRODUCT_BUNDLE_IDENTIFIER = fr.fedutia.Teome;
				PRODUCT_NAME = Teome;
				SDKROOT = iphoneos;
				SWIFT_EMIT_LOC_STRINGS = YES;
				SWIFT_VERSION = 5.0;
				TARGETED_DEVICE_FAMILY = "1,2";
			};
			name = Debug;
		};
		48B539C8274509DE009A26B0 /* Release */ = {
			isa = XCBuildConfiguration;
			baseConfigurationReference = F2B658EAD2E8018CEC98B268 /* Pods-Teome (iOS).release.xcconfig */;
			buildSettings = {
				ALWAYS_EMBED_SWIFT_STANDARD_LIBRARIES = YES;
				ASSETCATALOG_COMPILER_APPICON_NAME = AppIcon;
				ASSETCATALOG_COMPILER_GLOBAL_ACCENT_COLOR_NAME = AccentColor;
				CODE_SIGN_ENTITLEMENTS = "Teome (iOS).entitlements";
				CODE_SIGN_STYLE = Automatic;
				CURRENT_PROJECT_VERSION = 3;
				DEVELOPMENT_TEAM = T7562M4U35;
				ENABLE_PREVIEWS = YES;
				GENERATE_INFOPLIST_FILE = YES;
				INFOPLIST_FILE = "Teome--iOS--Info.plist";
				INFOPLIST_KEY_LSApplicationCategoryType = "public.app-category.weather";
				INFOPLIST_KEY_NSCameraUsageDescription = "Scan QR Code";
				INFOPLIST_KEY_NSLocationWhenInUseUsageDescription = "Fetch SSID list";
				INFOPLIST_KEY_UIApplicationSceneManifest_Generation = YES;
				INFOPLIST_KEY_UIApplicationSupportsIndirectInputEvents = YES;
				INFOPLIST_KEY_UILaunchScreen_Generation = YES;
				INFOPLIST_KEY_UISupportedInterfaceOrientations_iPad = "UIInterfaceOrientationPortrait UIInterfaceOrientationPortraitUpsideDown UIInterfaceOrientationLandscapeLeft UIInterfaceOrientationLandscapeRight";
				INFOPLIST_KEY_UISupportedInterfaceOrientations_iPhone = "UIInterfaceOrientationPortrait UIInterfaceOrientationLandscapeLeft UIInterfaceOrientationLandscapeRight";
				IPHONEOS_DEPLOYMENT_TARGET = 15.0;
				LD_RUNPATH_SEARCH_PATHS = (
					"$(inherited)",
					"@executable_path/Frameworks",
				);
				MARKETING_VERSION = 1.2;
				PRODUCT_BUNDLE_IDENTIFIER = fr.fedutia.Teome;
				PRODUCT_NAME = Teome;
				SDKROOT = iphoneos;
				SWIFT_EMIT_LOC_STRINGS = YES;
				SWIFT_VERSION = 5.0;
				TARGETED_DEVICE_FAMILY = "1,2";
				VALIDATE_PRODUCT = YES;
			};
			name = Release;
		};
		48B539CA274509DE009A26B0 /* Debug */ = {
			isa = XCBuildConfiguration;
			baseConfigurationReference = B5BFFB389619325E428A67A1 /* Pods-Teome (macOS).debug.xcconfig */;
			buildSettings = {
				ASSETCATALOG_COMPILER_APPICON_NAME = AppIcon;
				ASSETCATALOG_COMPILER_GLOBAL_ACCENT_COLOR_NAME = AccentColor;
				CODE_SIGN_ENTITLEMENTS = macOS/macOS.entitlements;
				CODE_SIGN_IDENTITY = "-";
				CODE_SIGN_STYLE = Automatic;
				COMBINE_HIDPI_IMAGES = YES;
				CURRENT_PROJECT_VERSION = 3;
				DEVELOPMENT_TEAM = T7562M4U35;
				ENABLE_HARDENED_RUNTIME = YES;
				ENABLE_PREVIEWS = YES;
				GENERATE_INFOPLIST_FILE = YES;
				INFOPLIST_KEY_LSApplicationCategoryType = "public.app-category.weather";
				INFOPLIST_KEY_NSHumanReadableCopyright = "";
				LD_RUNPATH_SEARCH_PATHS = (
					"$(inherited)",
					"@executable_path/../Frameworks",
				);
				MACOSX_DEPLOYMENT_TARGET = 12.0;
				MARKETING_VERSION = 1.2;
				PRODUCT_BUNDLE_IDENTIFIER = fr.fedutia.Teome;
				PRODUCT_NAME = Teome;
				SDKROOT = macosx;
				SWIFT_EMIT_LOC_STRINGS = YES;
				SWIFT_VERSION = 5.0;
			};
			name = Debug;
		};
		48B539CB274509DE009A26B0 /* Release */ = {
			isa = XCBuildConfiguration;
			baseConfigurationReference = 23C681E5E10A2C5996DCDA1F /* Pods-Teome (macOS).release.xcconfig */;
			buildSettings = {
				ASSETCATALOG_COMPILER_APPICON_NAME = AppIcon;
				ASSETCATALOG_COMPILER_GLOBAL_ACCENT_COLOR_NAME = AccentColor;
				CODE_SIGN_ENTITLEMENTS = macOS/macOS.entitlements;
				CODE_SIGN_IDENTITY = "Apple Development";
				CODE_SIGN_STYLE = Automatic;
				COMBINE_HIDPI_IMAGES = YES;
				CURRENT_PROJECT_VERSION = 3;
				DEVELOPMENT_TEAM = T7562M4U35;
				ENABLE_HARDENED_RUNTIME = YES;
				ENABLE_PREVIEWS = YES;
				GENERATE_INFOPLIST_FILE = YES;
				INFOPLIST_KEY_LSApplicationCategoryType = "public.app-category.weather";
				INFOPLIST_KEY_NSHumanReadableCopyright = "";
				LD_RUNPATH_SEARCH_PATHS = (
					"$(inherited)",
					"@executable_path/../Frameworks",
				);
				MACOSX_DEPLOYMENT_TARGET = 12.0;
				MARKETING_VERSION = 1.2;
				PRODUCT_BUNDLE_IDENTIFIER = fr.fedutia.Teome;
				PRODUCT_NAME = Teome;
				SDKROOT = macosx;
				SWIFT_EMIT_LOC_STRINGS = YES;
				SWIFT_VERSION = 5.0;
			};
			name = Release;
		};
/* End XCBuildConfiguration section */

/* Begin XCConfigurationList section */
		48B539AC274509D2009A26B0 /* Build configuration list for PBXProject "Teome" */ = {
			isa = XCConfigurationList;
			buildConfigurations = (
				48B539C4274509DE009A26B0 /* Debug */,
				48B539C5274509DE009A26B0 /* Release */,
			);
			defaultConfigurationIsVisible = 0;
			defaultConfigurationName = Release;
		};
		48B539C6274509DE009A26B0 /* Build configuration list for PBXNativeTarget "Teome (iOS)" */ = {
			isa = XCConfigurationList;
			buildConfigurations = (
				48B539C7274509DE009A26B0 /* Debug */,
				48B539C8274509DE009A26B0 /* Release */,
			);
			defaultConfigurationIsVisible = 0;
			defaultConfigurationName = Release;
		};
		48B539C9274509DE009A26B0 /* Build configuration list for PBXNativeTarget "Teome (macOS)" */ = {
			isa = XCConfigurationList;
			buildConfigurations = (
				48B539CA274509DE009A26B0 /* Debug */,
				48B539CB274509DE009A26B0 /* Release */,
			);
			defaultConfigurationIsVisible = 0;
			defaultConfigurationName = Release;
		};
/* End XCConfigurationList section */

/* Begin XCRemoteSwiftPackageReference section */
		4834ABFB274A8F4D0035DC6E /* XCRemoteSwiftPackageReference "swifter" */ = {
			isa = XCRemoteSwiftPackageReference;
			repositoryURL = "https://github.com/httpswift/swifter.git";
			requirement = {
				kind = upToNextMajorVersion;
				minimumVersion = 1.0.0;
			};
		};
		4874CB24277006EF001CD441 /* XCRemoteSwiftPackageReference "SwiftUICharts" */ = {
			isa = XCRemoteSwiftPackageReference;
			repositoryURL = "https://github.com/willdale/SwiftUICharts";
			requirement = {
				kind = upToNextMajorVersion;
				minimumVersion = 2.0.0;
			};
		};
		487E9B1A2749E7ED00049C76 /* XCRemoteSwiftPackageReference "CodeScanner" */ = {
			isa = XCRemoteSwiftPackageReference;
			repositoryURL = "https://github.com/twostraws/CodeScanner";
			requirement = {
				kind = upToNextMajorVersion;
				minimumVersion = 1.0.0;
			};
		};
		488789B027499F6C00241835 /* XCRemoteSwiftPackageReference "QRCode" */ = {
			isa = XCRemoteSwiftPackageReference;
			repositoryURL = "https://github.com/dmrschmidt/QRCode";
			requirement = {
				kind = upToNextMajorVersion;
				minimumVersion = 1.0.0;
			};
		};
/* End XCRemoteSwiftPackageReference section */

/* Begin XCSwiftPackageProductDependency section */
		4834ABFC274A8F4D0035DC6E /* Swifter */ = {
			isa = XCSwiftPackageProductDependency;
			package = 4834ABFB274A8F4D0035DC6E /* XCRemoteSwiftPackageReference "swifter" */;
			productName = Swifter;
		};
		4874CB22276FF7BE001CD441 /* QRCode */ = {
			isa = XCSwiftPackageProductDependency;
			package = 488789B027499F6C00241835 /* XCRemoteSwiftPackageReference "QRCode" */;
			productName = QRCode;
		};
		4874CB25277006EF001CD441 /* SwiftUICharts */ = {
			isa = XCSwiftPackageProductDependency;
			package = 4874CB24277006EF001CD441 /* XCRemoteSwiftPackageReference "SwiftUICharts" */;
			productName = SwiftUICharts;
		};
		487E9B1B2749E7ED00049C76 /* CodeScanner */ = {
			isa = XCSwiftPackageProductDependency;
			package = 487E9B1A2749E7ED00049C76 /* XCRemoteSwiftPackageReference "CodeScanner" */;
			productName = CodeScanner;
		};
		488789B327499F8800241835 /* QRCode */ = {
			isa = XCSwiftPackageProductDependency;
			package = 488789B027499F6C00241835 /* XCRemoteSwiftPackageReference "QRCode" */;
			productName = QRCode;
		};
/* End XCSwiftPackageProductDependency section */
	};
	rootObject = 48B539A9274509D2009A26B0 /* Project object */;
}
